
Microsoft Visual Studio Solution File, Format Version 12.00
# Visual Studio 14
VisualStudioVersion = 14.0.23107.0
MinimumVisualStudioVersion = 10.0.40219.1
Project("{FAE04EC0-301F-11D3-BF4B-00C04F79EFBC}") = "UltraANetT", "UltraANetT\UltraANetT.csproj", "{BC99C6CD-FEDE-4627-B574-549A8225DF5D}"
EndProject
Project("{FAE04EC0-301F-11D3-BF4B-00C04F79EFBC}") = "DBEngine", "DBEngine\DBEngine.csproj", "{BEDB9922-BA86-4270-97C5-7A49EDA8EDC5}"
EndProject
Project("{FAE04EC0-301F-11D3-BF4B-00C04F79EFBC}") = "Model", "Model\Model.csproj", "{370835F8-ACFE-46FE-94AE-79AEDDABF177}"
EndProject
Project("{FAE04EC0-301F-11D3-BF4B-00C04F79EFBC}") = "ProcessEngine", "ProcessEngine\ProcessEngine.csproj", "{6DADFCEF-2696-4295-89D1-8B66DBD9957A}"
EndProject
Project("{FAE04EC0-301F-11D3-BF4B-00C04F79EFBC}") = "CANoeEngine", "CANoeEngine\CANoeEngine.csproj", "{5C2989F7-A7A5-4A8B-A8FE-7709B6FB48C2}"
EndProject
Project("{FAE04EC0-301F-11D3-BF4B-00C04F79EFBC}") = "FileEditor", "FileEditor\FileEditor.csproj", "{FB78E242-0477-407A-B07B-89BE3B1E637C}"
EndProject
Project("{FAE04EC0-301F-11D3-BF4B-00C04F79EFBC}") = "ReportViewer", "ReportEditor\ReportViewer.csproj", "{820513FD-26DA-430D-93DF-B219081D6967}"
EndProject
Global
	GlobalSection(SolutionConfigurationPlatforms) = preSolution
		Debug|Any CPU = Debug|Any CPU
		Release|Any CPU = Release|Any CPU
	EndGlobalSection
	GlobalSection(ProjectConfigurationPlatforms) = postSolution
		{BC99C6CD-FEDE-4627-B574-549A8225DF5D}.Debug|Any CPU.ActiveCfg = Debug|Any CPU
		{BC99C6CD-FEDE-4627-B574-549A8225DF5D}.Debug|Any CPU.Build.0 = Debug|Any CPU
		{BC99C6CD-FEDE-4627-B574-549A8225DF5D}.Release|Any CPU.ActiveCfg = Release|Any CPU
		{BC99C6CD-FEDE-4627-B574-549A8225DF5D}.Release|Any CPU.Build.0 = Release|Any CPU
		{BEDB9922-BA86-4270-97C5-7A49EDA8EDC5}.Debug|Any CPU.ActiveCfg = Debug|Any CPU
		{BEDB9922-BA86-4270-97C5-7A49EDA8EDC5}.Debug|Any CPU.Build.0 = Debug|Any CPU
		{BEDB9922-BA86-4270-97C5-7A49EDA8EDC5}.Release|Any CPU.ActiveCfg = Release|Any CPU
		{BEDB9922-BA86-4270-97C5-7A49EDA8EDC5}.Release|Any CPU.Build.0 = Release|Any CPU
		{370835F8-ACFE-46FE-94AE-79AEDDABF177}.Debug|Any CPU.ActiveCfg = Debug|Any CPU
		{370835F8-ACFE-46FE-94AE-79AEDDABF177}.Debug|Any CPU.Build.0 = Debug|Any CPU
		{370835F8-ACFE-46FE-94AE-79AEDDABF177}.Release|Any CPU.ActiveCfg = Release|Any CPU
		{370835F8-ACFE-46FE-94AE-79AEDDABF177}.Release|Any CPU.Build.0 = Release|Any CPU
		{6DADFCEF-2696-4295-89D1-8B66DBD9957A}.Debug|Any CPU.ActiveCfg = Debug|Any CPU
		{6DADFCEF-2696-4295-89D1-8B66DBD9957A}.Debug|Any CPU.Build.0 = Debug|Any CPU
		{6DADFCEF-2696-4295-89D1-8B66DBD9957A}.Release|Any CPU.ActiveCfg = Release|Any CPU
		{6DADFCEF-2696-4295-89D1-8B66DBD9957A}.Release|Any CPU.Build.0 = Release|Any CPU
		{5C2989F7-A7A5-4A8B-A8FE-7709B6FB48C2}.Debug|Any CPU.ActiveCfg = Debug|Any CPU
		{5C2989F7-A7A5-4A8B-A8FE-7709B6FB48C2}.Debug|Any CPU.Build.0 = Debug|Any CPU
		{5C2989F7-A7A5-4A8B-A8FE-7709B6FB48C2}.Release|Any CPU.ActiveCfg = Release|Any CPU
		{5C2989F7-A7A5-4A8B-A8FE-7709B6FB48C2}.Release|Any CPU.Build.0 = Release|Any CPU
		{FB78E242-0477-407A-B07B-89BE3B1E637C}.Debug|Any CPU.ActiveCfg = Debug|Any CPU
		{FB78E242-0477-407A-B07B-89BE3B1E637C}.Debug|Any CPU.Build.0 = Debug|Any CPU
		{FB78E242-0477-407A-B07B-89BE3B1E637C}.Release|Any CPU.ActiveCfg = Release|Any CPU
		{FB78E242-0477-407A-B07B-89BE3B1E637C}.Release|Any CPU.Build.0 = Release|Any CPU
		{820513FD-26DA-430D-93DF-B219081D6967}.Debug|Any CPU.ActiveCfg = Debug|Any CPU
		{820513FD-26DA-430D-93DF-B219081D6967}.Debug|Any CPU.Build.0 = Debug|Any CPU
		{820513FD-26DA-430D-93DF-B219081D6967}.Release|Any CPU.ActiveCfg = Release|Any CPU
		{820513FD-26DA-430D-93DF-B219081D6967}.Release|Any CPU.Build.0 = Release|Any CPU
	EndGlobalSection
	GlobalSection(SolutionProperties) = preSolution
		HideSolutionNode = FALSE
	EndGlobalSection
EndGlobal
